<?xml version="1.0" encoding="utf-8"?>
<Project ToolsVersion="4.0" xmlns="http://schemas.microsoft.com/developer/msbuild/2003">
  <ItemGroup>
    <Filter Include="Source Files">
      <UniqueIdentifier>{4FC737F1-C7A5-4376-A066-2A32D752A2FF}</UniqueIdentifier>
      <Extensions>cpp;c;cc;cxx;def;odl;idl;hpj;bat;asm;asmx</Extensions>
    </Filter>
    <Filter Include="Header Files">
      <UniqueIdentifier>{93995380-89BD-4b04-88EB-625FBE52EBFB}</UniqueIdentifier>
      <Extensions>h;hh;hpp;hxx;hm;inl;inc;xsd</Extensions>
    </Filter>
    <Filter Include="Resource Files">
      <UniqueIdentifier>{67DA6AB6-F800-4c08-8B7A-83BB121AAD01}</UniqueIdentifier>
      <Extensions>rc;ico;cur;bmp;dlg;rc2;rct;bin;rgs;gif;jpg;jpeg;jpe;resx;tiff;tif;png;wav;mfcribbon-ms</Extensions>
    </Filter>
    <Filter Include="Utility Files">
      <UniqueIdentifier>{f28f12c8-0e17-46b6-bf81-9d2553b8560e}</UniqueIdentifier>
    </Filter>
    <Filter Include="New">
      <UniqueIdentifier>{d54f4cec-0bd6-45bb-bc20-c3babc55d113}</UniqueIdentifier>
    </Filter>
  </ItemGroup>
  <ItemGroup>
    <ClCompile Include="_main.cpp">
      <Filter>Source Files</Filter>
    </ClCompile>
    <ClCompile Include="Engine.cpp">
      <Filter>Resource Files</Filter>
    </ClCompile>
    <ClCompile Include="Game.cpp">
      <Filter>Resource Files</Filter>
    </ClCompile>
    <ClCompile Include="Physics.cpp">
      <Filter>Resource Files</Filter>
    </ClCompile>
    <ClCompile Include="Renderer.cpp">
      <Filter>Resource Files</Filter>
    </ClCompile>
    <ClCompile Include="Scene.cpp">
      <Filter>Source Files</Filter>
    </ClCompile>
    <ClCompile Include="_main2.cpp">
      <Filter>New</Filter>
    </ClCompile>
    <ClCompile Include="Renderer2.cpp">
      <Filter>New</Filter>
    </ClCompile>
    <ClCompile Include="Engine2.cpp">
      <Filter>New</Filter>
    </ClCompile>
    <ClCompile Include="Scene2.cpp">
      <Filter>New</Filter>
    </ClCompile>
    <ClCompile Include="Game2.cpp">
      <Filter>New</Filter>
    </ClCompile>
    <ClCompile Include="Physics2.cpp">
      <Filter>New</Filter>
    </ClCompile>
  </ItemGroup>
  <ItemGroup>
    <ClInclude Include="AnimationController.h">
      <Filter>Header Files</Filter>
    </ClInclude>
    <ClInclude Include="Engine.h">
      <Filter>Header Files</Filter>
    </ClInclude>
    <ClInclude Include="Game.h">
      <Filter>Header Files</Filter>
    </ClInclude>
    <ClInclude Include="Input.h">
      <Filter>Header Files</Filter>
    </ClInclude>
    <ClInclude Include="Logger.h">
      <Filter>Utility Files</Filter>
    </ClInclude>
    <ClInclude Include="Loader.h">
      <Filter>Utility Files</Filter>
    </ClInclude>
    <ClInclude Include="Renderer.h">
      <Filter>Header Files</Filter>
    </ClInclude>
    <ClInclude Include="Timer.h">
      <Filter>Utility Files</Filter>
    </ClInclude>
    <ClInclude Include="VkU.h">
      <Filter>Utility Files</Filter>
    </ClInclude>
    <ClInclude Include="Physics.h">
      <Filter>Header Files</Filter>
    </ClInclude>
    <ClInclude Include="Scene.h">
      <Filter>Header Files</Filter>
    </ClInclude>
    <ClInclude Include="Engine2.h">
      <Filter>New</Filter>
    </ClInclude>
    <ClInclude Include="Renderer2.h">
      <Filter>New</Filter>
    </ClInclude>
    <ClInclude Include="Scene2.h">
      <Filter>New</Filter>
    </ClInclude>
    <ClInclude Include="Game2.h">
      <Filter>New</Filter>
    </ClInclude>
    <ClInclude Include="Behaviors.h">
      <Filter>New</Filter>
    </ClInclude>
    <ClInclude Include="Physics2.h">
      <Filter>New</Filter>
    </ClInclude>
  </ItemGroup>
</Project>